// !$*UTF8*$!
{
	archiveVersion = 1;
	classes = {
	};
	objectVersion = 46;
	objects = {

/* Begin PBXBuildFile section */
		4516CCF7192C12B4008A29A3 /* CheckUpdatesWindowController.m in Sources */ = {isa = PBXBuildFile; fileRef = 4516CCF5192C12B4008A29A3 /* CheckUpdatesWindowController.m */; };
		4516CCF8192C12B4008A29A3 /* CheckUpdatesWindowController.xib in Resources */ = {isa = PBXBuildFile; fileRef = 4516CCF6192C12B4008A29A3 /* CheckUpdatesWindowController.xib */; };
		452252CA192D6801002BACF4 /* icon_cancel.png in Resources */ = {isa = PBXBuildFile; fileRef = 452252C8192D6801002BACF4 /* icon_cancel.png */; };
		452252CB192D6801002BACF4 /* icon_ok.png in Resources */ = {isa = PBXBuildFile; fileRef = 452252C9192D6801002BACF4 /* icon_ok.png */; };
		4529C41B19A7F0D800A48A85 /* icon_256x256@2x.png in Resources */ = {isa = PBXBuildFile; fileRef = 4529C41919A7F0D800A48A85 /* icon_256x256@2x.png */; };
		4529C41C19A7F0D800A48A85 /* icon_256x256.png in Resources */ = {isa = PBXBuildFile; fileRef = 4529C41A19A7F0D800A48A85 /* icon_256x256.png */; };
		4529C41E19A7F14300A48A85 /* TurboBoostSwitcher.icns in Resources */ = {isa = PBXBuildFile; fileRef = 4529C41D19A7F14300A48A85 /* TurboBoostSwitcher.icns */; };
		4560CC53179D2397003F3D19 /* AboutWindowController.m in Sources */ = {isa = PBXBuildFile; fileRef = 4560CC51179D2397003F3D19 /* AboutWindowController.m */; };
		4560CC54179D2397003F3D19 /* AboutWindowController.xib in Resources */ = {isa = PBXBuildFile; fileRef = 4560CC52179D2397003F3D19 /* AboutWindowController.xib */; };
		4562AE0618F1A54600117CD8 /* Security.framework in Frameworks */ = {isa = PBXBuildFile; fileRef = 4562AE0518F1A54600117CD8 /* Security.framework */; };
		4562AE0818F208EE00117CD8 /* ServiceManagement.framework in Frameworks */ = {isa = PBXBuildFile; fileRef = 4562AE0718F208EE00117CD8 /* ServiceManagement.framework */; };
		457FF242179C31EA0029AA66 /* StartupHelper.m in Sources */ = {isa = PBXBuildFile; fileRef = 457FF241179C31EA0029AA66 /* StartupHelper.m */; };
		458EDAAE1799499D00940503 /* Cocoa.framework in Frameworks */ = {isa = PBXBuildFile; fileRef = 458EDAAD1799499D00940503 /* Cocoa.framework */; };
		458EDAB81799499D00940503 /* InfoPlist.strings in Resources */ = {isa = PBXBuildFile; fileRef = 458EDAB61799499D00940503 /* InfoPlist.strings */; };
		458EDABA1799499D00940503 /* main.m in Sources */ = {isa = PBXBuildFile; fileRef = 458EDAB91799499D00940503 /* main.m */; };
		458EDAC11799499D00940503 /* AppDelegate.m in Sources */ = {isa = PBXBuildFile; fileRef = 458EDAC01799499D00940503 /* AppDelegate.m */; };
		458EDAC41799499E00940503 /* MainMenu.xib in Resources */ = {isa = PBXBuildFile; fileRef = 458EDAC21799499E00940503 /* MainMenu.xib */; };
		45A51DAE179B4E7000EEF333 /* IOKit.framework in Frameworks */ = {isa = PBXBuildFile; fileRef = 45A51DAD179B4E7000EEF333 /* IOKit.framework */; };
		45A5718F179D533900D91EEE /* paypal.gif in Resources */ = {isa = PBXBuildFile; fileRef = 45A5718E179D533900D91EEE /* paypal.gif */; };
		45A57193179DC58500D91EEE /* icon.png in Resources */ = {isa = PBXBuildFile; fileRef = 45A57192179DC58500D91EEE /* icon.png */; };
		45A5719B179DDF0F00D91EEE /* License.rtf in Resources */ = {isa = PBXBuildFile; fileRef = 45A5719A179DDF0F00D91EEE /* License.rtf */; };
		45A571A4179DE90D00D91EEE /* Localizable.strings in Resources */ = {isa = PBXBuildFile; fileRef = 45A571A6179DE90D00D91EEE /* Localizable.strings */; };
		45FC71CB179ACD1800A16AEC /* DisableTurboBoost.32bits.kext in Resources */ = {isa = PBXBuildFile; fileRef = 45FC71C9179ACD1800A16AEC /* DisableTurboBoost.32bits.kext */; };
		45FC71CC179ACD1800A16AEC /* DisableTurboBoost.64bits.kext in Resources */ = {isa = PBXBuildFile; fileRef = 45FC71CA179ACD1800A16AEC /* DisableTurboBoost.64bits.kext */; };
		45FC71CF179ACD7000A16AEC /* SystemCommands.m in Sources */ = {isa = PBXBuildFile; fileRef = 45FC71CE179ACD7000A16AEC /* SystemCommands.m */; };
/* End PBXBuildFile section */

/* Begin PBXFileReference section */
		4516CCF4192C12B4008A29A3 /* CheckUpdatesWindowController.h */ = {isa = PBXFileReference; fileEncoding = 4; lastKnownFileType = sourcecode.c.h; path = CheckUpdatesWindowController.h; sourceTree = "<group>"; };
		4516CCF5192C12B4008A29A3 /* CheckUpdatesWindowController.m */ = {isa = PBXFileReference; fileEncoding = 4; lastKnownFileType = sourcecode.c.objc; path = CheckUpdatesWindowController.m; sourceTree = "<group>"; };
		4516CCF6192C12B4008A29A3 /* CheckUpdatesWindowController.xib */ = {isa = PBXFileReference; fileEncoding = 4; lastKnownFileType = file.xib; path = CheckUpdatesWindowController.xib; sourceTree = "<group>"; };
		452252C8192D6801002BACF4 /* icon_cancel.png */ = {isa = PBXFileReference; lastKnownFileType = image.png; path = icon_cancel.png; sourceTree = "<group>"; };
		452252C9192D6801002BACF4 /* icon_ok.png */ = {isa = PBXFileReference; lastKnownFileType = image.png; path = icon_ok.png; sourceTree = "<group>"; };
		4529C41919A7F0D800A48A85 /* icon_256x256@2x.png */ = {isa = PBXFileReference; lastKnownFileType = image.png; path = "icon_256x256@2x.png"; sourceTree = "<group>"; };
		4529C41A19A7F0D800A48A85 /* icon_256x256.png */ = {isa = PBXFileReference; lastKnownFileType = image.png; path = icon_256x256.png; sourceTree = "<group>"; };
		4529C41D19A7F14300A48A85 /* TurboBoostSwitcher.icns */ = {isa = PBXFileReference; lastKnownFileType = image.icns; path = TurboBoostSwitcher.icns; sourceTree = "<group>"; };
		4560CC50179D2397003F3D19 /* AboutWindowController.h */ = {isa = PBXFileReference; fileEncoding = 4; lastKnownFileType = sourcecode.c.h; path = AboutWindowController.h; sourceTree = "<group>"; };
		4560CC51179D2397003F3D19 /* AboutWindowController.m */ = {isa = PBXFileReference; fileEncoding = 4; lastKnownFileType = sourcecode.c.objc; path = AboutWindowController.m; sourceTree = "<group>"; };
		4560CC52179D2397003F3D19 /* AboutWindowController.xib */ = {isa = PBXFileReference; fileEncoding = 4; lastKnownFileType = file.xib; path = AboutWindowController.xib; sourceTree = "<group>"; };
		4562AE0518F1A54600117CD8 /* Security.framework */ = {isa = PBXFileReference; lastKnownFileType = wrapper.framework; name = Security.framework; path = System/Library/Frameworks/Security.framework; sourceTree = SDKROOT; };
		4562AE0718F208EE00117CD8 /* ServiceManagement.framework */ = {isa = PBXFileReference; lastKnownFileType = wrapper.framework; name = ServiceManagement.framework; path = System/Library/Frameworks/ServiceManagement.framework; sourceTree = SDKROOT; };
		457FF240179C31EA0029AA66 /* StartupHelper.h */ = {isa = PBXFileReference; fileEncoding = 4; lastKnownFileType = sourcecode.c.h; path = StartupHelper.h; sourceTree = "<group>"; };
		457FF241179C31EA0029AA66 /* StartupHelper.m */ = {isa = PBXFileReference; fileEncoding = 4; lastKnownFileType = sourcecode.c.objc; path = StartupHelper.m; sourceTree = "<group>"; };
		458EDAAA1799499D00940503 /* Turbo Boost Switcher.app */ = {isa = PBXFileReference; explicitFileType = wrapper.application; includeInIndex = 0; path = "Turbo Boost Switcher.app"; sourceTree = BUILT_PRODUCTS_DIR; };
		458EDAAD1799499D00940503 /* Cocoa.framework */ = {isa = PBXFileReference; lastKnownFileType = wrapper.framework; name = Cocoa.framework; path = System/Library/Frameworks/Cocoa.framework; sourceTree = SDKROOT; };
		458EDAB01799499D00940503 /* AppKit.framework */ = {isa = PBXFileReference; lastKnownFileType = wrapper.framework; name = AppKit.framework; path = System/Library/Frameworks/AppKit.framework; sourceTree = SDKROOT; };
		458EDAB11799499D00940503 /* CoreData.framework */ = {isa = PBXFileReference; lastKnownFileType = wrapper.framework; name = CoreData.framework; path = System/Library/Frameworks/CoreData.framework; sourceTree = SDKROOT; };
		458EDAB21799499D00940503 /* Foundation.framework */ = {isa = PBXFileReference; lastKnownFileType = wrapper.framework; name = Foundation.framework; path = System/Library/Frameworks/Foundation.framework; sourceTree = SDKROOT; };
		458EDAB51799499D00940503 /* Turbo Boost Switcher-Info.plist */ = {isa = PBXFileReference; lastKnownFileType = text.plist.xml; path = "Turbo Boost Switcher-Info.plist"; sourceTree = "<group>"; };
		458EDAB71799499D00940503 /* en */ = {isa = PBXFileReference; lastKnownFileType = text.plist.strings; name = en; path = en.lproj/InfoPlist.strings; sourceTree = "<group>"; };
		458EDAB91799499D00940503 /* main.m */ = {isa = PBXFileReference; lastKnownFileType = sourcecode.c.objc; path = main.m; sourceTree = "<group>"; };
		458EDABB1799499D00940503 /* Turbo Boost Switcher-Prefix.pch */ = {isa = PBXFileReference; lastKnownFileType = sourcecode.c.h; path = "Turbo Boost Switcher-Prefix.pch"; sourceTree = "<group>"; };
		458EDABF1799499D00940503 /* AppDelegate.h */ = {isa = PBXFileReference; lastKnownFileType = sourcecode.c.h; path = AppDelegate.h; sourceTree = "<group>"; };
		458EDAC01799499D00940503 /* AppDelegate.m */ = {isa = PBXFileReference; lastKnownFileType = sourcecode.c.objc; path = AppDelegate.m; sourceTree = "<group>"; };
		458EDAC31799499E00940503 /* en */ = {isa = PBXFileReference; lastKnownFileType = file.xib; name = en; path = en.lproj/MainMenu.xib; sourceTree = "<group>"; };
		45A51DAC179B4E0600EEF333 /* smc.h */ = {isa = PBXFileReference; lastKnownFileType = sourcecode.c.h; path = smc.h; sourceTree = "<group>"; };
		45A51DAD179B4E7000EEF333 /* IOKit.framework */ = {isa = PBXFileReference; lastKnownFileType = wrapper.framework; name = IOKit.framework; path = System/Library/Frameworks/IOKit.framework; sourceTree = SDKROOT; };
		45A5718E179D533900D91EEE /* paypal.gif */ = {isa = PBXFileReference; lastKnownFileType = image.gif; path = paypal.gif; sourceTree = "<group>"; };
		45A57192179DC58500D91EEE /* icon.png */ = {isa = PBXFileReference; lastKnownFileType = image.png; path = icon.png; sourceTree = "<group>"; };
		45A5719A179DDF0F00D91EEE /* License.rtf */ = {isa = PBXFileReference; fileEncoding = 4; lastKnownFileType = text.rtf; path = License.rtf; sourceTree = "<group>"; };
		45A571A5179DE90D00D91EEE /* en */ = {isa = PBXFileReference; lastKnownFileType = text.plist.strings; name = en; path = en.lproj/Localizable.strings; sourceTree = "<group>"; };
		45A571AB179DEB3B00D91EEE /* es */ = {isa = PBXFileReference; lastKnownFileType = text.plist.strings; name = es; path = es.lproj/Localizable.strings; sourceTree = "<group>"; };
		45FC71C9179ACD1800A16AEC /* DisableTurboBoost.32bits.kext */ = {isa = PBXFileReference; lastKnownFileType = "wrapper.kernel-extension"; path = DisableTurboBoost.32bits.kext; sourceTree = "<group>"; };
		45FC71CA179ACD1800A16AEC /* DisableTurboBoost.64bits.kext */ = {isa = PBXFileReference; lastKnownFileType = "wrapper.kernel-extension"; path = DisableTurboBoost.64bits.kext; sourceTree = "<group>"; };
		45FC71CD179ACD7000A16AEC /* SystemCommands.h */ = {isa = PBXFileReference; fileEncoding = 4; lastKnownFileType = sourcecode.c.h; path = SystemCommands.h; sourceTree = "<group>"; };
		45FC71CE179ACD7000A16AEC /* SystemCommands.m */ = {isa = PBXFileReference; fileEncoding = 4; lastKnownFileType = sourcecode.c.objc; path = SystemCommands.m; sourceTree = "<group>"; };
/* End PBXFileReference section */

/* Begin PBXFrameworksBuildPhase section */
		458EDAA71799499D00940503 /* Frameworks */ = {
			isa = PBXFrameworksBuildPhase;
			buildActionMask = 2147483647;
			files = (
				4562AE0818F208EE00117CD8 /* ServiceManagement.framework in Frameworks */,
				4562AE0618F1A54600117CD8 /* Security.framework in Frameworks */,
				45A51DAE179B4E7000EEF333 /* IOKit.framework in Frameworks */,
				458EDAAE1799499D00940503 /* Cocoa.framework in Frameworks */,
			);
			runOnlyForDeploymentPostprocessing = 0;
		};
/* End PBXFrameworksBuildPhase section */

/* Begin PBXGroup section */
		458EDAA11799499D00940503 = {
			isa = PBXGroup;
			children = (
				458EDAB31799499D00940503 /* Turbo Boost Disabler */,
				458EDAAC1799499D00940503 /* Frameworks */,
				458EDAAB1799499D00940503 /* Products */,
			);
			sourceTree = "<group>";
		};
		458EDAAB1799499D00940503 /* Products */ = {
			isa = PBXGroup;
			children = (
				458EDAAA1799499D00940503 /* Turbo Boost Switcher.app */,
			);
			name = Products;
			sourceTree = "<group>";
		};
		458EDAAC1799499D00940503 /* Frameworks */ = {
			isa = PBXGroup;
			children = (
				4562AE0718F208EE00117CD8 /* ServiceManagement.framework */,
				4562AE0518F1A54600117CD8 /* Security.framework */,
				45A51DAD179B4E7000EEF333 /* IOKit.framework */,
				458EDAAD1799499D00940503 /* Cocoa.framework */,
				458EDAAF1799499D00940503 /* Other Frameworks */,
			);
			name = Frameworks;
			sourceTree = "<group>";
		};
		458EDAAF1799499D00940503 /* Other Frameworks */ = {
			isa = PBXGroup;
			children = (
				458EDAB01799499D00940503 /* AppKit.framework */,
				458EDAB11799499D00940503 /* CoreData.framework */,
				458EDAB21799499D00940503 /* Foundation.framework */,
			);
			name = "Other Frameworks";
			sourceTree = "<group>";
		};
		458EDAB31799499D00940503 /* Turbo Boost Disabler */ = {
			isa = PBXGroup;
			children = (
				45FC71C8179ACAC300A16AEC /* resources */,
				458EDABF1799499D00940503 /* AppDelegate.h */,
				458EDAC01799499D00940503 /* AppDelegate.m */,
				458EDAC21799499E00940503 /* MainMenu.xib */,
				458EDAB41799499D00940503 /* Supporting Files */,
				45FC71CD179ACD7000A16AEC /* SystemCommands.h */,
				45FC71CE179ACD7000A16AEC /* SystemCommands.m */,
				45A51DAC179B4E0600EEF333 /* smc.h */,
				457FF240179C31EA0029AA66 /* StartupHelper.h */,
				457FF241179C31EA0029AA66 /* StartupHelper.m */,
				4560CC50179D2397003F3D19 /* AboutWindowController.h */,
				4560CC51179D2397003F3D19 /* AboutWindowController.m */,
				4560CC52179D2397003F3D19 /* AboutWindowController.xib */,
				45A571A6179DE90D00D91EEE /* Localizable.strings */,
				45A5719A179DDF0F00D91EEE /* License.rtf */,
				4516CCF4192C12B4008A29A3 /* CheckUpdatesWindowController.h */,
				4516CCF5192C12B4008A29A3 /* CheckUpdatesWindowController.m */,
				4516CCF6192C12B4008A29A3 /* CheckUpdatesWindowController.xib */,
			);
			path = "Turbo Boost Disabler";
			sourceTree = "<group>";
		};
		458EDAB41799499D00940503 /* Supporting Files */ = {
			isa = PBXGroup;
			children = (
				458EDAB51799499D00940503 /* Turbo Boost Switcher-Info.plist */,
				458EDAB61799499D00940503 /* InfoPlist.strings */,
				458EDAB91799499D00940503 /* main.m */,
				458EDABB1799499D00940503 /* Turbo Boost Switcher-Prefix.pch */,
			);
			name = "Supporting Files";
			sourceTree = "<group>";
		};
		45FC71C8179ACAC300A16AEC /* resources */ = {
			isa = PBXGroup;
			children = (
				4529C41D19A7F14300A48A85 /* TurboBoostSwitcher.icns */,
				4529C41919A7F0D800A48A85 /* icon_256x256@2x.png */,
				4529C41A19A7F0D800A48A85 /* icon_256x256.png */,
				452252C8192D6801002BACF4 /* icon_cancel.png */,
				452252C9192D6801002BACF4 /* icon_ok.png */,
				45A57192179DC58500D91EEE /* icon.png */,
				45A5718E179D533900D91EEE /* paypal.gif */,
				45FC71C9179ACD1800A16AEC /* DisableTurboBoost.32bits.kext */,
				45FC71CA179ACD1800A16AEC /* DisableTurboBoost.64bits.kext */,
			);
			name = resources;
			sourceTree = "<group>";
		};
/* End PBXGroup section */

/* Begin PBXNativeTarget section */
		458EDAA91799499D00940503 /* Turbo Boost Switcher */ = {
			isa = PBXNativeTarget;
			buildConfigurationList = 458EDAC71799499E00940503 /* Build configuration list for PBXNativeTarget "Turbo Boost Switcher" */;
			buildPhases = (
				458EDAA61799499D00940503 /* Sources */,
				458EDAA71799499D00940503 /* Frameworks */,
				458EDAA81799499D00940503 /* Resources */,
			);
			buildRules = (
			);
			dependencies = (
			);
			name = "Turbo Boost Switcher";
			productName = "Turbo Boost Disabler";
			productReference = 458EDAAA1799499D00940503 /* Turbo Boost Switcher.app */;
			productType = "com.apple.product-type.application";
		};
/* End PBXNativeTarget section */

/* Begin PBXProject section */
		458EDAA21799499D00940503 /* Project object */ = {
			isa = PBXProject;
			attributes = {
				LastUpgradeCheck = 0460;
				ORGANIZATIONNAME = "Rubén García Pérez";
			};
			buildConfigurationList = 458EDAA51799499D00940503 /* Build configuration list for PBXProject "Turbo Boost Switcher" */;
			compatibilityVersion = "Xcode 3.2";
			developmentRegion = English;
			hasScannedForEncodings = 0;
			knownRegions = (
				en,
				es,
				"es-ES",
			);
			mainGroup = 458EDAA11799499D00940503;
			productRefGroup = 458EDAAB1799499D00940503 /* Products */;
			projectDirPath = "";
			projectRoot = "";
			targets = (
				458EDAA91799499D00940503 /* Turbo Boost Switcher */,
			);
		};
/* End PBXProject section */

/* Begin PBXResourcesBuildPhase section */
		458EDAA81799499D00940503 /* Resources */ = {
			isa = PBXResourcesBuildPhase;
			buildActionMask = 2147483647;
			files = (
				458EDAB81799499D00940503 /* InfoPlist.strings in Resources */,
				452252CA192D6801002BACF4 /* icon_cancel.png in Resources */,
				458EDAC41799499E00940503 /* MainMenu.xib in Resources */,
				4516CCF8192C12B4008A29A3 /* CheckUpdatesWindowController.xib in Resources */,
				452252CB192D6801002BACF4 /* icon_ok.png in Resources */,
				45FC71CB179ACD1800A16AEC /* DisableTurboBoost.32bits.kext in Resources */,
				4529C41B19A7F0D800A48A85 /* icon_256x256@2x.png in Resources */,
				45FC71CC179ACD1800A16AEC /* DisableTurboBoost.64bits.kext in Resources */,
				4529C41C19A7F0D800A48A85 /* icon_256x256.png in Resources */,
				4529C41E19A7F14300A48A85 /* TurboBoostSwitcher.icns in Resources */,
				4560CC54179D2397003F3D19 /* AboutWindowController.xib in Resources */,
				45A5718F179D533900D91EEE /* paypal.gif in Resources */,
				45A57193179DC58500D91EEE /* icon.png in Resources */,
				45A5719B179DDF0F00D91EEE /* License.rtf in Resources */,
				45A571A4179DE90D00D91EEE /* Localizable.strings in Resources */,
			);
			runOnlyForDeploymentPostprocessing = 0;
		};
/* End PBXResourcesBuildPhase section */

/* Begin PBXSourcesBuildPhase section */
		458EDAA61799499D00940503 /* Sources */ = {
			isa = PBXSourcesBuildPhase;
			buildActionMask = 2147483647;
			files = (
				458EDABA1799499D00940503 /* main.m in Sources */,
				458EDAC11799499D00940503 /* AppDelegate.m in Sources */,
				45FC71CF179ACD7000A16AEC /* SystemCommands.m in Sources */,
				4516CCF7192C12B4008A29A3 /* CheckUpdatesWindowController.m in Sources */,
				457FF242179C31EA0029AA66 /* StartupHelper.m in Sources */,
				4560CC53179D2397003F3D19 /* AboutWindowController.m in Sources */,
			);
			runOnlyForDeploymentPostprocessing = 0;
		};
/* End PBXSourcesBuildPhase section */

/* Begin PBXVariantGroup section */
		458EDAB61799499D00940503 /* InfoPlist.strings */ = {
			isa = PBXVariantGroup;
			children = (
				458EDAB71799499D00940503 /* en */,
			);
			name = InfoPlist.strings;
			sourceTree = "<group>";
		};
		458EDAC21799499E00940503 /* MainMenu.xib */ = {
			isa = PBXVariantGroup;
			children = (
				458EDAC31799499E00940503 /* en */,
			);
			name = MainMenu.xib;
			sourceTree = "<group>";
		};
		45A571A6179DE90D00D91EEE /* Localizable.strings */ = {
			isa = PBXVariantGroup;
			children = (
				45A571A5179DE90D00D91EEE /* en */,
				45A571AB179DEB3B00D91EEE /* es */,
			);
			name = Localizable.strings;
			path = ..;
			sourceTree = "<group>";
		};
/* End PBXVariantGroup section */

/* Begin XCBuildConfiguration section */
		458EDAC51799499E00940503 /* Debug */ = {
			isa = XCBuildConfiguration;
			buildSettings = {
				ALWAYS_SEARCH_USER_PATHS = NO;
				ARCHS = "$(ARCHS_STANDARD_64_BIT)";
				CLANG_CXX_LANGUAGE_STANDARD = "gnu++0x";
				CLANG_CXX_LIBRARY = "libc++";
				CLANG_ENABLE_OBJC_ARC = YES;
				CLANG_WARN_CONSTANT_CONVERSION = YES;
				CLANG_WARN_EMPTY_BODY = YES;
				CLANG_WARN_ENUM_CONVERSION = YES;
				CLANG_WARN_INT_CONVERSION = YES;
				CLANG_WARN__DUPLICATE_METHOD_MATCH = YES;
				COPY_PHASE_STRIP = NO;
				GCC_C_LANGUAGE_STANDARD = gnu99;
				GCC_DYNAMIC_NO_PIC = NO;
				GCC_ENABLE_OBJC_EXCEPTIONS = YES;
				GCC_OPTIMIZATION_LEVEL = 0;
				GCC_PREPROCESSOR_DEFINITIONS = (
					"DEBUG=1",
					"$(inherited)",
				);
				GCC_SYMBOLS_PRIVATE_EXTERN = NO;
				GCC_WARN_64_TO_32_BIT_CONVERSION = YES;
				GCC_WARN_ABOUT_RETURN_TYPE = YES;
				GCC_WARN_UNINITIALIZED_AUTOS = YES;
				GCC_WARN_UNUSED_VARIABLE = YES;
				MACOSX_DEPLOYMENT_TARGET = 10.6;
				ONLY_ACTIVE_ARCH = YES;
				SDKROOT = macosx;
			};
			name = Debug;
		};
		458EDAC61799499E00940503 /* Release */ = {
			isa = XCBuildConfiguration;
			buildSettings = {
				ALWAYS_SEARCH_USER_PATHS = NO;
				ARCHS = "$(ARCHS_STANDARD_64_BIT)";
				CLANG_CXX_LANGUAGE_STANDARD = "gnu++0x";
				CLANG_CXX_LIBRARY = "libc++";
				CLANG_ENABLE_OBJC_ARC = YES;
				CLANG_WARN_CONSTANT_CONVERSION = YES;
				CLANG_WARN_EMPTY_BODY = YES;
				CLANG_WARN_ENUM_CONVERSION = YES;
				CLANG_WARN_INT_CONVERSION = YES;
				CLANG_WARN__DUPLICATE_METHOD_MATCH = YES;
				COPY_PHASE_STRIP = YES;
				DEBUG_INFORMATION_FORMAT = "dwarf-with-dsym";
				GCC_C_LANGUAGE_STANDARD = gnu99;
				GCC_ENABLE_OBJC_EXCEPTIONS = YES;
				GCC_WARN_64_TO_32_BIT_CONVERSION = YES;
				GCC_WARN_ABOUT_RETURN_TYPE = YES;
				GCC_WARN_UNINITIALIZED_AUTOS = YES;
				GCC_WARN_UNUSED_VARIABLE = YES;
				MACOSX_DEPLOYMENT_TARGET = 10.6;
				SDKROOT = macosx;
			};
			name = Release;
		};
		458EDAC81799499E00940503 /* Debug */ = {
			isa = XCBuildConfiguration;
			buildSettings = {
				CLANG_CXX_LANGUAGE_STANDARD = "gnu++0x";
				CLANG_CXX_LIBRARY = "libc++";
				COMBINE_HIDPI_IMAGES = YES;
				GCC_C_LANGUAGE_STANDARD = gnu99;
				GCC_PRECOMPILE_PREFIX_HEADER = YES;
				GCC_PREFIX_HEADER = "Turbo Boost Disabler/Turbo Boost Switcher-Prefix.pch";
				GCC_VERSION = "";
				INFOPLIST_FILE = "Turbo Boost Disabler/Turbo Boost Switcher-Info.plist";
				LIBRARY_SEARCH_PATHS = (
					"$(inherited)",
					"\"$(SDKROOT)/usr/lib/system\"",
				);
				MACOSX_DEPLOYMENT_TARGET = 10.6;
				PRODUCT_NAME = "Turbo Boost Switcher";
				WRAPPER_EXTENSION = app;
			};
			name = Debug;
		};
		458EDAC91799499E00940503 /* Release */ = {
			isa = XCBuildConfiguration;
			buildSettings = {
				CLANG_CXX_LANGUAGE_STANDARD = "gnu++0x";
				CLANG_CXX_LIBRARY = "libc++";
				COMBINE_HIDPI_IMAGES = YES;
				GCC_C_LANGUAGE_STANDARD = gnu99;
				GCC_PRECOMPILE_PREFIX_HEADER = YES;
				GCC_PREFIX_HEADER = "Turbo Boost Disabler/Turbo Boost Switcher-Prefix.pch";
				GCC_VERSION = "";
				INFOPLIST_FILE = "Turbo Boost Disabler/Turbo Boost Switcher-Info.plist";
				LIBRARY_SEARCH_PATHS = (
					"$(inherited)",
					"\"$(SDKROOT)/usr/lib/system\"",
				);
				MACOSX_DEPLOYMENT_TARGET = 10.6;
				PRODUCT_NAME = "Turbo Boost Switcher";
				WRAPPER_EXTENSION = app;
			};
			name = Release;
		};
/* End XCBuildConfiguration section */

/* Begin XCConfigurationList section */
		458EDAA51799499D00940503 /* Build configuration list for PBXProject "Turbo Boost Switcher" */ = {
			isa = XCConfigurationList;
			buildConfigurations = (
				458EDAC51799499E00940503 /* Debug */,
				458EDAC61799499E00940503 /* Release */,
			);
			defaultConfigurationIsVisible = 0;
			defaultConfigurationName = Release;
		};
		458EDAC71799499E00940503 /* Build configuration list for PBXNativeTarget "Turbo Boost Switcher" */ = {
			isa = XCConfigurationList;
			buildConfigurations = (
				458EDAC81799499E00940503 /* Debug */,
				458EDAC91799499E00940503 /* Release */,
			);
			defaultConfigurationIsVisible = 0;
			defaultConfigurationName = Release;
		};
/* End XCConfigurationList section */
	};
	rootObject = 458EDAA21799499D00940503 /* Project object */;
}
